<Solution>
  <Project Path="CoreBusiness/Domain.CoreBusiness.csproj" />
  <Project Path="Infrastructure.Plugins1/Infrastructure.Plugins1.csproj" Id="123f3bae-dd68-4dd8-b3d7-e895ab334c06" />
  <Project Path="UseCase/Applicatetion.UseCase.csproj" />
  <Project Path="Web.UI/Web.UI.csproj" />
</Solution>
